// !$*UTF8*$!
{
	archiveVersion = 1;
	classes = {
	};
	objectVersion = 48;
	objects = {

/* Begin PBXBuildFile section */
		0565B85275EF7A354FF18563 /* Pods_GuardianApp_GuardianAppTests.framework in Frameworks */ = {isa = PBXBuildFile; fileRef = 6BCAEDB31F60ADF2FC766F88 /* Pods_GuardianApp_GuardianAppTests.framework */; };
		4D88FD46AF0E7AB925C9332D /* Pods_GuardianApp.framework in Frameworks */ = {isa = PBXBuildFile; fileRef = 6DF5F32CDE4DDE00F1B3A8D1 /* Pods_GuardianApp.framework */; };
		F71B746A1FC7562800BE0567 /* AppDelegate.swift in Sources */ = {isa = PBXBuildFile; fileRef = F71B74691FC7562800BE0567 /* AppDelegate.swift */; };
		F71B746C1FC7562800BE0567 /* ViewController.swift in Sources */ = {isa = PBXBuildFile; fileRef = F71B746B1FC7562800BE0567 /* ViewController.swift */; };
		F71B746F1FC7562800BE0567 /* Main.storyboard in Resources */ = {isa = PBXBuildFile; fileRef = F71B746D1FC7562800BE0567 /* Main.storyboard */; };
		F71B74711FC7562800BE0567 /* Assets.xcassets in Resources */ = {isa = PBXBuildFile; fileRef = F71B74701FC7562800BE0567 /* Assets.xcassets */; };
		F71B74741FC7562800BE0567 /* LaunchScreen.storyboard in Resources */ = {isa = PBXBuildFile; fileRef = F71B74721FC7562800BE0567 /* LaunchScreen.storyboard */; };
		F71B747D1FC7790000BE0567 /* GuardianMainButton.swift in Sources */ = {isa = PBXBuildFile; fileRef = F71B747C1FC7790000BE0567 /* GuardianMainButton.swift */; };
		F71B74801FC77C3000BE0567 /* BackgroundView.swift in Sources */ = {isa = PBXBuildFile; fileRef = F71B747F1FC77C3000BE0567 /* BackgroundView.swift */; };
		F71B74851FC8CC1900BE0567 /* GuardianCollectionViewCell.swift in Sources */ = {isa = PBXBuildFile; fileRef = F71B74841FC8CC1900BE0567 /* GuardianCollectionViewCell.swift */; };
		F71B748A1FC9E15900BE0567 /* WarningView.xib in Resources */ = {isa = PBXBuildFile; fileRef = F71B74891FC9E15900BE0567 /* WarningView.xib */; };
		F71B748C1FC9E34200BE0567 /* WarningSectionView.swift in Sources */ = {isa = PBXBuildFile; fileRef = F71B748B1FC9E34200BE0567 /* WarningSectionView.swift */; };
		F71B748E1FCC9BF700BE0567 /* StatusSectionView.xib in Resources */ = {isa = PBXBuildFile; fileRef = F71B748D1FCC9BF700BE0567 /* StatusSectionView.xib */; };
		F71B74901FCC9EF200BE0567 /* StatusSectionView.swift in Sources */ = {isa = PBXBuildFile; fileRef = F71B748F1FCC9EF200BE0567 /* StatusSectionView.swift */; };
		F71B74921FCC9F7400BE0567 /* Helper.swift in Sources */ = {isa = PBXBuildFile; fileRef = F71B74911FCC9F7400BE0567 /* Helper.swift */; };
		F71B74941FCCA68700BE0567 /* SectionViewProtocol.swift in Sources */ = {isa = PBXBuildFile; fileRef = F71B74931FCCA68700BE0567 /* SectionViewProtocol.swift */; };
		F71B74981FCCB26500BE0567 /* LoginViewController.swift in Sources */ = {isa = PBXBuildFile; fileRef = F71B74971FCCB26500BE0567 /* LoginViewController.swift */; };
		F771E3E41FF59F410034D763 /* Extensions.swift in Sources */ = {isa = PBXBuildFile; fileRef = F771E3E31FF59F410034D763 /* Extensions.swift */; };
		F771E3E61FF706410034D763 /* MovementDetectionView.xib in Resources */ = {isa = PBXBuildFile; fileRef = F771E3E51FF706410034D763 /* MovementDetectionView.xib */; };
		F771E3E81FF7076D0034D763 /* MovementDetectionView.swift in Sources */ = {isa = PBXBuildFile; fileRef = F771E3E71FF7076D0034D763 /* MovementDetectionView.swift */; };
		F771E3EA1FF788710034D763 /* MovementDetectionCollectionViewCell.swift in Sources */ = {isa = PBXBuildFile; fileRef = F771E3E91FF788710034D763 /* MovementDetectionCollectionViewCell.swift */; };
		F771E3ED1FF7E6840034D763 /* GuardService.swift in Sources */ = {isa = PBXBuildFile; fileRef = F771E3EC1FF7E6840034D763 /* GuardService.swift */; };
		F771E3F01FF7EB770034D763 /* CameraResponseModel.swift in Sources */ = {isa = PBXBuildFile; fileRef = F771E3EF1FF7EB770034D763 /* CameraResponseModel.swift */; };
		F771E3F21FF7ECB20034D763 /* GuardManager.swift in Sources */ = {isa = PBXBuildFile; fileRef = F771E3F11FF7ECB20034D763 /* GuardManager.swift */; };
		F771E3F41FF8F0900034D763 /* LiveStreamSectionView.xib in Resources */ = {isa = PBXBuildFile; fileRef = F771E3F31FF8F0900034D763 /* LiveStreamSectionView.xib */; };
		F771E3F61FF8F19C0034D763 /* LiveStreamSectionView.swift in Sources */ = {isa = PBXBuildFile; fileRef = F771E3F51FF8F19C0034D763 /* LiveStreamSectionView.swift */; };
		F771E3F81FF8F4470034D763 /* SensorSectionView.xib in Resources */ = {isa = PBXBuildFile; fileRef = F771E3F71FF8F4470034D763 /* SensorSectionView.xib */; };
		F771E3FA1FF8F5890034D763 /* SensorSectionView.swift in Sources */ = {isa = PBXBuildFile; fileRef = F771E3F91FF8F5890034D763 /* SensorSectionView.swift */; };
		F771E3FC1FFAE5BB0034D763 /* GoogleService-Info.plist in Resources */ = {isa = PBXBuildFile; fileRef = F771E3FB1FFAE5BB0034D763 /* GoogleService-Info.plist */; };
		F771E4011FFEAAEA0034D763 /* FirebaseManager.swift in Sources */ = {isa = PBXBuildFile; fileRef = F771E4001FFEAAEA0034D763 /* FirebaseManager.swift */; };
		F771E4031FFF9E670034D763 /* SensorModel.swift in Sources */ = {isa = PBXBuildFile; fileRef = F771E4021FFF9E670034D763 /* SensorModel.swift */; };
		F771E4051FFFEF9A0034D763 /* StreamManager.swift in Sources */ = {isa = PBXBuildFile; fileRef = F771E4041FFFEF9A0034D763 /* StreamManager.swift */; };
		F771E407200BADD10034D763 /* RaspberriesModel.swift in Sources */ = {isa = PBXBuildFile; fileRef = F771E406200BADD10034D763 /* RaspberriesModel.swift */; };
		F771E409200EAC280034D763 /* Notifications.swift in Sources */ = {isa = PBXBuildFile; fileRef = F771E408200EAC280034D763 /* Notifications.swift */; };
		F771E41120121B370034D763 /* GuardianAppTests.swift in Sources */ = {isa = PBXBuildFile; fileRef = F771E41020121B370034D763 /* GuardianAppTests.swift */; };
/* End PBXBuildFile section */

/* Begin PBXContainerItemProxy section */
		F771E41320121B370034D763 /* PBXContainerItemProxy */ = {
			isa = PBXContainerItemProxy;
			containerPortal = F71B745E1FC7562800BE0567 /* Project object */;
			proxyType = 1;
			remoteGlobalIDString = F71B74651FC7562800BE0567;
			remoteInfo = GuardianApp;
		};
/* End PBXContainerItemProxy section */

/* Begin PBXFileReference section */
		25D9CBD88B2916521C8853F3 /* Pods-GuardianApp.debug.xcconfig */ = {isa = PBXFileReference; includeInIndex = 1; lastKnownFileType = text.xcconfig; name = "Pods-GuardianApp.debug.xcconfig"; path = "Pods/Target Support Files/Pods-GuardianApp/Pods-GuardianApp.debug.xcconfig"; sourceTree = "<group>"; };
		3043F72FAC596ED918B8AE9F /* Pods-GuardianApp.release.xcconfig */ = {isa = PBXFileReference; includeInIndex = 1; lastKnownFileType = text.xcconfig; name = "Pods-GuardianApp.release.xcconfig"; path = "Pods/Target Support Files/Pods-GuardianApp/Pods-GuardianApp.release.xcconfig"; sourceTree = "<group>"; };
		619E5ECF9C3BCFE123B8CCBC /* Pods-GuardianApp-GuardianAppTests.release.xcconfig */ = {isa = PBXFileReference; includeInIndex = 1; lastKnownFileType = text.xcconfig; name = "Pods-GuardianApp-GuardianAppTests.release.xcconfig"; path = "Pods/Target Support Files/Pods-GuardianApp-GuardianAppTests/Pods-GuardianApp-GuardianAppTests.release.xcconfig"; sourceTree = "<group>"; };
		6BCAEDB31F60ADF2FC766F88 /* Pods_GuardianApp_GuardianAppTests.framework */ = {isa = PBXFileReference; explicitFileType = wrapper.framework; includeInIndex = 0; path = Pods_GuardianApp_GuardianAppTests.framework; sourceTree = BUILT_PRODUCTS_DIR; };
		6DF5F32CDE4DDE00F1B3A8D1 /* Pods_GuardianApp.framework */ = {isa = PBXFileReference; explicitFileType = wrapper.framework; includeInIndex = 0; path = Pods_GuardianApp.framework; sourceTree = BUILT_PRODUCTS_DIR; };
		F6E244A23ED7B0CE6CD325E0 /* Pods-GuardianApp-GuardianAppTests.debug.xcconfig */ = {isa = PBXFileReference; includeInIndex = 1; lastKnownFileType = text.xcconfig; name = "Pods-GuardianApp-GuardianAppTests.debug.xcconfig"; path = "Pods/Target Support Files/Pods-GuardianApp-GuardianAppTests/Pods-GuardianApp-GuardianAppTests.debug.xcconfig"; sourceTree = "<group>"; };
		F71B74661FC7562800BE0567 /* GuardianApp.app */ = {isa = PBXFileReference; explicitFileType = wrapper.application; includeInIndex = 0; path = GuardianApp.app; sourceTree = BUILT_PRODUCTS_DIR; };
		F71B74691FC7562800BE0567 /* AppDelegate.swift */ = {isa = PBXFileReference; lastKnownFileType = sourcecode.swift; path = AppDelegate.swift; sourceTree = "<group>"; };
		F71B746B1FC7562800BE0567 /* ViewController.swift */ = {isa = PBXFileReference; lastKnownFileType = sourcecode.swift; path = ViewController.swift; sourceTree = "<group>"; };
		F71B746E1FC7562800BE0567 /* Base */ = {isa = PBXFileReference; lastKnownFileType = file.storyboard; name = Base; path = Base.lproj/Main.storyboard; sourceTree = "<group>"; };
		F71B74701FC7562800BE0567 /* Assets.xcassets */ = {isa = PBXFileReference; lastKnownFileType = folder.assetcatalog; path = Assets.xcassets; sourceTree = "<group>"; };
		F71B74731FC7562800BE0567 /* Base */ = {isa = PBXFileReference; lastKnownFileType = file.storyboard; name = Base; path = Base.lproj/LaunchScreen.storyboard; sourceTree = "<group>"; };
		F71B74751FC7562800BE0567 /* Info.plist */ = {isa = PBXFileReference; lastKnownFileType = text.plist.xml; path = Info.plist; sourceTree = "<group>"; };
		F71B747C1FC7790000BE0567 /* GuardianMainButton.swift */ = {isa = PBXFileReference; lastKnownFileType = sourcecode.swift; path = GuardianMainButton.swift; sourceTree = "<group>"; };
		F71B747F1FC77C3000BE0567 /* BackgroundView.swift */ = {isa = PBXFileReference; lastKnownFileType = sourcecode.swift; path = BackgroundView.swift; sourceTree = "<group>"; };
		F71B74841FC8CC1900BE0567 /* GuardianCollectionViewCell.swift */ = {isa = PBXFileReference; lastKnownFileType = sourcecode.swift; path = GuardianCollectionViewCell.swift; sourceTree = "<group>"; };
		F71B74891FC9E15900BE0567 /* WarningView.xib */ = {isa = PBXFileReference; lastKnownFileType = file.xib; path = WarningView.xib; sourceTree = "<group>"; };
		F71B748B1FC9E34200BE0567 /* WarningSectionView.swift */ = {isa = PBXFileReference; lastKnownFileType = sourcecode.swift; path = WarningSectionView.swift; sourceTree = "<group>"; };
		F71B748D1FCC9BF700BE0567 /* StatusSectionView.xib */ = {isa = PBXFileReference; lastKnownFileType = file.xib; path = StatusSectionView.xib; sourceTree = "<group>"; };
		F71B748F1FCC9EF200BE0567 /* StatusSectionView.swift */ = {isa = PBXFileReference; lastKnownFileType = sourcecode.swift; path = StatusSectionView.swift; sourceTree = "<group>"; };
		F71B74911FCC9F7400BE0567 /* Helper.swift */ = {isa = PBXFileReference; lastKnownFileType = sourcecode.swift; path = Helper.swift; sourceTree = "<group>"; };
		F71B74931FCCA68700BE0567 /* SectionViewProtocol.swift */ = {isa = PBXFileReference; lastKnownFileType = sourcecode.swift; path = SectionViewProtocol.swift; sourceTree = "<group>"; };
		F71B74971FCCB26500BE0567 /* LoginViewController.swift */ = {isa = PBXFileReference; lastKnownFileType = sourcecode.swift; path = LoginViewController.swift; sourceTree = "<group>"; };
		F771E3E31FF59F410034D763 /* Extensions.swift */ = {isa = PBXFileReference; lastKnownFileType = sourcecode.swift; path = Extensions.swift; sourceTree = "<group>"; };
		F771E3E51FF706410034D763 /* MovementDetectionView.xib */ = {isa = PBXFileReference; lastKnownFileType = file.xib; path = MovementDetectionView.xib; sourceTree = "<group>"; };
		F771E3E71FF7076D0034D763 /* MovementDetectionView.swift */ = {isa = PBXFileReference; lastKnownFileType = sourcecode.swift; path = MovementDetectionView.swift; sourceTree = "<group>"; };
		F771E3E91FF788710034D763 /* MovementDetectionCollectionViewCell.swift */ = {isa = PBXFileReference; lastKnownFileType = sourcecode.swift; path = MovementDetectionCollectionViewCell.swift; sourceTree = "<group>"; };
		F771E3EC1FF7E6840034D763 /* GuardService.swift */ = {isa = PBXFileReference; lastKnownFileType = sourcecode.swift; path = GuardService.swift; sourceTree = "<group>"; };
		F771E3EF1FF7EB770034D763 /* CameraResponseModel.swift */ = {isa = PBXFileReference; lastKnownFileType = sourcecode.swift; path = CameraResponseModel.swift; sourceTree = "<group>"; };
		F771E3F11FF7ECB20034D763 /* GuardManager.swift */ = {isa = PBXFileReference; lastKnownFileType = sourcecode.swift; path = GuardManager.swift; sourceTree = "<group>"; };
		F771E3F31FF8F0900034D763 /* LiveStreamSectionView.xib */ = {isa = PBXFileReference; lastKnownFileType = file.xib; path = LiveStreamSectionView.xib; sourceTree = "<group>"; };
		F771E3F51FF8F19C0034D763 /* LiveStreamSectionView.swift */ = {isa = PBXFileReference; lastKnownFileType = sourcecode.swift; path = LiveStreamSectionView.swift; sourceTree = "<group>"; };
		F771E3F71FF8F4470034D763 /* SensorSectionView.xib */ = {isa = PBXFileReference; lastKnownFileType = file.xib; path = SensorSectionView.xib; sourceTree = "<group>"; };
		F771E3F91FF8F5890034D763 /* SensorSectionView.swift */ = {isa = PBXFileReference; lastKnownFileType = sourcecode.swift; path = SensorSectionView.swift; sourceTree = "<group>"; };
		F771E3FB1FFAE5BB0034D763 /* GoogleService-Info.plist */ = {isa = PBXFileReference; fileEncoding = 4; lastKnownFileType = text.plist.xml; path = "GoogleService-Info.plist"; sourceTree = "<group>"; };
		F771E3FD1FFAE6FE0034D763 /* GuardianApp.entitlements */ = {isa = PBXFileReference; lastKnownFileType = text.plist.entitlements; path = GuardianApp.entitlements; sourceTree = "<group>"; };
		F771E4001FFEAAEA0034D763 /* FirebaseManager.swift */ = {isa = PBXFileReference; lastKnownFileType = sourcecode.swift; path = FirebaseManager.swift; sourceTree = "<group>"; };
		F771E4021FFF9E670034D763 /* SensorModel.swift */ = {isa = PBXFileReference; lastKnownFileType = sourcecode.swift; path = SensorModel.swift; sourceTree = "<group>"; };
		F771E4041FFFEF9A0034D763 /* StreamManager.swift */ = {isa = PBXFileReference; lastKnownFileType = sourcecode.swift; path = StreamManager.swift; sourceTree = "<group>"; };
		F771E406200BADD10034D763 /* RaspberriesModel.swift */ = {isa = PBXFileReference; lastKnownFileType = sourcecode.swift; path = RaspberriesModel.swift; sourceTree = "<group>"; };
		F771E408200EAC280034D763 /* Notifications.swift */ = {isa = PBXFileReference; lastKnownFileType = sourcecode.swift; path = Notifications.swift; sourceTree = "<group>"; };
		F771E40E20121B360034D763 /* GuardianAppTests.xctest */ = {isa = PBXFileReference; explicitFileType = wrapper.cfbundle; includeInIndex = 0; path = GuardianAppTests.xctest; sourceTree = BUILT_PRODUCTS_DIR; };
		F771E41020121B370034D763 /* GuardianAppTests.swift */ = {isa = PBXFileReference; lastKnownFileType = sourcecode.swift; path = GuardianAppTests.swift; sourceTree = "<group>"; };
		F771E41220121B370034D763 /* Info.plist */ = {isa = PBXFileReference; lastKnownFileType = text.plist.xml; path = Info.plist; sourceTree = "<group>"; };
/* End PBXFileReference section */

/* Begin PBXFrameworksBuildPhase section */
		F71B74631FC7562800BE0567 /* Frameworks */ = {
			isa = PBXFrameworksBuildPhase;
			buildActionMask = 2147483647;
			files = (
				4D88FD46AF0E7AB925C9332D /* Pods_GuardianApp.framework in Frameworks */,
			);
			runOnlyForDeploymentPostprocessing = 0;
		};
		F771E40B20121B360034D763 /* Frameworks */ = {
			isa = PBXFrameworksBuildPhase;
			buildActionMask = 2147483647;
			files = (
				0565B85275EF7A354FF18563 /* Pods_GuardianApp_GuardianAppTests.framework in Frameworks */,
			);
			runOnlyForDeploymentPostprocessing = 0;
		};
/* End PBXFrameworksBuildPhase section */

/* Begin PBXGroup section */
		3D34B02E9F33EF74F6FF8A6A /* Pods */ = {
			isa = PBXGroup;
			children = (
				25D9CBD88B2916521C8853F3 /* Pods-GuardianApp.debug.xcconfig */,
				3043F72FAC596ED918B8AE9F /* Pods-GuardianApp.release.xcconfig */,
				F6E244A23ED7B0CE6CD325E0 /* Pods-GuardianApp-GuardianAppTests.debug.xcconfig */,
				619E5ECF9C3BCFE123B8CCBC /* Pods-GuardianApp-GuardianAppTests.release.xcconfig */,
			);
			name = Pods;
			sourceTree = "<group>";
		};
		E6F1F409F87F744C7F51A84A /* Frameworks */ = {
			isa = PBXGroup;
			children = (
				6DF5F32CDE4DDE00F1B3A8D1 /* Pods_GuardianApp.framework */,
				6BCAEDB31F60ADF2FC766F88 /* Pods_GuardianApp_GuardianAppTests.framework */,
			);
			name = Frameworks;
			sourceTree = "<group>";
		};
		F71B745D1FC7562800BE0567 = {
			isa = PBXGroup;
			children = (
				F71B74681FC7562800BE0567 /* GuardianApp */,
				F771E40F20121B370034D763 /* GuardianAppTests */,
				F71B74671FC7562800BE0567 /* Products */,
				3D34B02E9F33EF74F6FF8A6A /* Pods */,
				E6F1F409F87F744C7F51A84A /* Frameworks */,
			);
			sourceTree = "<group>";
		};
		F71B74671FC7562800BE0567 /* Products */ = {
			isa = PBXGroup;
			children = (
				F71B74661FC7562800BE0567 /* GuardianApp.app */,
				F771E40E20121B360034D763 /* GuardianAppTests.xctest */,
			);
			name = Products;
			sourceTree = "<group>";
		};
		F71B74681FC7562800BE0567 /* GuardianApp */ = {
			isa = PBXGroup;
			children = (
				F771E3FF1FFEAAD70034D763 /* Firebase */,
				F771E3FD1FFAE6FE0034D763 /* GuardianApp.entitlements */,
				F771E3FB1FFAE5BB0034D763 /* GoogleService-Info.plist */,
				F771E3EB1FF7E64A0034D763 /* GuardManager */,
				F71B74881FC9E13F00BE0567 /* Views */,
				F71B74831FC8CC0300BE0567 /* CollectionView */,
				F71B747E1FC77C2000BE0567 /* BackgroundView */,
				F71B747B1FC778E900BE0567 /* CustomButtons */,
				F71B74691FC7562800BE0567 /* AppDelegate.swift */,
				F71B74971FCCB26500BE0567 /* LoginViewController.swift */,
				F71B746B1FC7562800BE0567 /* ViewController.swift */,
				F71B746D1FC7562800BE0567 /* Main.storyboard */,
				F71B74701FC7562800BE0567 /* Assets.xcassets */,
				F71B74721FC7562800BE0567 /* LaunchScreen.storyboard */,
				F71B74751FC7562800BE0567 /* Info.plist */,
				F71B74911FCC9F7400BE0567 /* Helper.swift */,
				F771E3E31FF59F410034D763 /* Extensions.swift */,
				F771E4041FFFEF9A0034D763 /* StreamManager.swift */,
			);
			path = GuardianApp;
			sourceTree = "<group>";
		};
		F71B747B1FC778E900BE0567 /* CustomButtons */ = {
			isa = PBXGroup;
			children = (
				F71B747C1FC7790000BE0567 /* GuardianMainButton.swift */,
			);
			path = CustomButtons;
			sourceTree = "<group>";
		};
		F71B747E1FC77C2000BE0567 /* BackgroundView */ = {
			isa = PBXGroup;
			children = (
				F71B747F1FC77C3000BE0567 /* BackgroundView.swift */,
			);
			path = BackgroundView;
			sourceTree = "<group>";
		};
		F71B74831FC8CC0300BE0567 /* CollectionView */ = {
			isa = PBXGroup;
			children = (
				F71B74841FC8CC1900BE0567 /* GuardianCollectionViewCell.swift */,
				F771E3E91FF788710034D763 /* MovementDetectionCollectionViewCell.swift */,
			);
			path = CollectionView;
			sourceTree = "<group>";
		};
		F71B74881FC9E13F00BE0567 /* Views */ = {
			isa = PBXGroup;
			children = (
				F71B74891FC9E15900BE0567 /* WarningView.xib */,
				F71B748B1FC9E34200BE0567 /* WarningSectionView.swift */,
				F71B748D1FCC9BF700BE0567 /* StatusSectionView.xib */,
				F71B748F1FCC9EF200BE0567 /* StatusSectionView.swift */,
				F71B74931FCCA68700BE0567 /* SectionViewProtocol.swift */,
				F771E3E51FF706410034D763 /* MovementDetectionView.xib */,
				F771E3E71FF7076D0034D763 /* MovementDetectionView.swift */,
				F771E3F31FF8F0900034D763 /* LiveStreamSectionView.xib */,
				F771E3F51FF8F19C0034D763 /* LiveStreamSectionView.swift */,
				F771E3F71FF8F4470034D763 /* SensorSectionView.xib */,
				F771E3F91FF8F5890034D763 /* SensorSectionView.swift */,
			);
			path = Views;
			sourceTree = "<group>";
		};
		F771E3EB1FF7E64A0034D763 /* GuardManager */ = {
			isa = PBXGroup;
			children = (
				F771E3EE1FF7EB5D0034D763 /* Models */,
				F771E3EC1FF7E6840034D763 /* GuardService.swift */,
				F771E3F11FF7ECB20034D763 /* GuardManager.swift */,
			);
			path = GuardManager;
			sourceTree = "<group>";
		};
		F771E3EE1FF7EB5D0034D763 /* Models */ = {
			isa = PBXGroup;
			children = (
				F771E3EF1FF7EB770034D763 /* CameraResponseModel.swift */,
				F771E406200BADD10034D763 /* RaspberriesModel.swift */,
				F771E408200EAC280034D763 /* Notifications.swift */,
			);
			path = Models;
			sourceTree = "<group>";
		};
		F771E3FE1FFEAA550034D763 /* FirebaseModels */ = {
			isa = PBXGroup;
			children = (
				F771E4021FFF9E670034D763 /* SensorModel.swift */,
			);
			path = FirebaseModels;
			sourceTree = "<group>";
		};
		F771E3FF1FFEAAD70034D763 /* Firebase */ = {
			isa = PBXGroup;
			children = (
				F771E3FE1FFEAA550034D763 /* FirebaseModels */,
				F771E4001FFEAAEA0034D763 /* FirebaseManager.swift */,
			);
			path = Firebase;
			sourceTree = "<group>";
		};
		F771E40F20121B370034D763 /* GuardianAppTests */ = {
			isa = PBXGroup;
			children = (
				F771E41020121B370034D763 /* GuardianAppTests.swift */,
				F771E41220121B370034D763 /* Info.plist */,
			);
			path = GuardianAppTests;
			sourceTree = "<group>";
		};
/* End PBXGroup section */

/* Begin PBXNativeTarget section */
		F71B74651FC7562800BE0567 /* GuardianApp */ = {
			isa = PBXNativeTarget;
			buildConfigurationList = F71B74781FC7562800BE0567 /* Build configuration list for PBXNativeTarget "GuardianApp" */;
			buildPhases = (
				98C2F2DAD6E18BDB63C9428B /* [CP] Check Pods Manifest.lock */,
				F71B74621FC7562800BE0567 /* Sources */,
				F71B74631FC7562800BE0567 /* Frameworks */,
				F71B74641FC7562800BE0567 /* Resources */,
				DE8CB59BAEA6879AB21C212F /* [CP] Embed Pods Frameworks */,
				4A8BF7EC2BFD6BD56A929D56 /* [CP] Copy Pods Resources */,
			);
			buildRules = (
			);
			dependencies = (
			);
			name = GuardianApp;
			productName = GuardianApp;
			productReference = F71B74661FC7562800BE0567 /* GuardianApp.app */;
			productType = "com.apple.product-type.application";
		};
		F771E40D20121B360034D763 /* GuardianAppTests */ = {
			isa = PBXNativeTarget;
			buildConfigurationList = F771E41720121B370034D763 /* Build configuration list for PBXNativeTarget "GuardianAppTests" */;
			buildPhases = (
				70B257E4BF8169E878FC6AFF /* [CP] Check Pods Manifest.lock */,
				F771E40A20121B360034D763 /* Sources */,
				F771E40B20121B360034D763 /* Frameworks */,
				F771E40C20121B360034D763 /* Resources */,
				711662CC84377BAFE40D6B4B /* [CP] Embed Pods Frameworks */,
				40E8AACE1C51437D60AC13A7 /* [CP] Copy Pods Resources */,
			);
			buildRules = (
			);
			dependencies = (
				F771E41420121B370034D763 /* PBXTargetDependency */,
			);
			name = GuardianAppTests;
			productName = GuardianAppTests;
			productReference = F771E40E20121B360034D763 /* GuardianAppTests.xctest */;
			productType = "com.apple.product-type.bundle.unit-test";
		};
/* End PBXNativeTarget section */

/* Begin PBXProject section */
		F71B745E1FC7562800BE0567 /* Project object */ = {
			isa = PBXProject;
			attributes = {
				LastSwiftUpdateCheck = 0920;
				LastUpgradeCheck = 0900;
				ORGANIZATIONNAME = "Paweł Szudrowicz";
				TargetAttributes = {
					F71B74651FC7562800BE0567 = {
						CreatedOnToolsVersion = 9.0.1;
						ProvisioningStyle = Automatic;
						SystemCapabilities = {
							com.apple.Push = {
								enabled = 1;
							};
						};
					};
					F771E40D20121B360034D763 = {
						CreatedOnToolsVersion = 9.2;
						ProvisioningStyle = Automatic;
						TestTargetID = F71B74651FC7562800BE0567;
					};
				};
			};
			buildConfigurationList = F71B74611FC7562800BE0567 /* Build configuration list for PBXProject "GuardianApp" */;
			compatibilityVersion = "Xcode 8.0";
			developmentRegion = en;
			hasScannedForEncodings = 0;
			knownRegions = (
				en,
				Base,
			);
			mainGroup = F71B745D1FC7562800BE0567;
			productRefGroup = F71B74671FC7562800BE0567 /* Products */;
			projectDirPath = "";
			projectRoot = "";
			targets = (
				F71B74651FC7562800BE0567 /* GuardianApp */,
				F771E40D20121B360034D763 /* GuardianAppTests */,
			);
		};
/* End PBXProject section */

/* Begin PBXResourcesBuildPhase section */
		F71B74641FC7562800BE0567 /* Resources */ = {
			isa = PBXResourcesBuildPhase;
			buildActionMask = 2147483647;
			files = (
				F771E3F81FF8F4470034D763 /* SensorSectionView.xib in Resources */,
				F71B74741FC7562800BE0567 /* LaunchScreen.storyboard in Resources */,
				F771E3E61FF706410034D763 /* MovementDetectionView.xib in Resources */,
				F771E3F41FF8F0900034D763 /* LiveStreamSectionView.xib in Resources */,
				F71B748A1FC9E15900BE0567 /* WarningView.xib in Resources */,
				F771E3FC1FFAE5BB0034D763 /* GoogleService-Info.plist in Resources */,
				F71B74711FC7562800BE0567 /* Assets.xcassets in Resources */,
				F71B748E1FCC9BF700BE0567 /* StatusSectionView.xib in Resources */,
				F71B746F1FC7562800BE0567 /* Main.storyboard in Resources */,
			);
			runOnlyForDeploymentPostprocessing = 0;
		};
		F771E40C20121B360034D763 /* Resources */ = {
			isa = PBXResourcesBuildPhase;
			buildActionMask = 2147483647;
			files = (
			);
			runOnlyForDeploymentPostprocessing = 0;
		};
/* End PBXResourcesBuildPhase section */

/* Begin PBXShellScriptBuildPhase section */
		40E8AACE1C51437D60AC13A7 /* [CP] Copy Pods Resources */ = {
			isa = PBXShellScriptBuildPhase;
			buildActionMask = 2147483647;
			files = (
			);
			inputPaths = (
			);
			name = "[CP] Copy Pods Resources";
			outputPaths = (
			);
			runOnlyForDeploymentPostprocessing = 0;
			shellPath = /bin/sh;
			shellScript = "\"${SRCROOT}/Pods/Target Support Files/Pods-GuardianApp-GuardianAppTests/Pods-GuardianApp-GuardianAppTests-resources.sh\"\n";
			showEnvVarsInLog = 0;
		};
		4A8BF7EC2BFD6BD56A929D56 /* [CP] Copy Pods Resources */ = {
			isa = PBXShellScriptBuildPhase;
			buildActionMask = 2147483647;
			files = (
			);
			inputPaths = (
			);
			name = "[CP] Copy Pods Resources";
			outputPaths = (
			);
			runOnlyForDeploymentPostprocessing = 0;
			shellPath = /bin/sh;
			shellScript = "\"${SRCROOT}/Pods/Target Support Files/Pods-GuardianApp/Pods-GuardianApp-resources.sh\"\n";
			showEnvVarsInLog = 0;
		};
		70B257E4BF8169E878FC6AFF /* [CP] Check Pods Manifest.lock */ = {
			isa = PBXShellScriptBuildPhase;
			buildActionMask = 2147483647;
			files = (
			);
			inputPaths = (
				"${PODS_PODFILE_DIR_PATH}/Podfile.lock",
				"${PODS_ROOT}/Manifest.lock",
			);
			name = "[CP] Check Pods Manifest.lock";
			outputPaths = (
				"$(DERIVED_FILE_DIR)/Pods-GuardianApp-GuardianAppTests-checkManifestLockResult.txt",
			);
			runOnlyForDeploymentPostprocessing = 0;
			shellPath = /bin/sh;
			shellScript = "diff \"${PODS_PODFILE_DIR_PATH}/Podfile.lock\" \"${PODS_ROOT}/Manifest.lock\" > /dev/null\nif [ $? != 0 ] ; then\n    # print error to STDERR\n    echo \"error: The sandbox is not in sync with the Podfile.lock. Run 'pod install' or update your CocoaPods installation.\" >&2\n    exit 1\nfi\n# This output is used by Xcode 'outputs' to avoid re-running this script phase.\necho \"SUCCESS\" > \"${SCRIPT_OUTPUT_FILE_0}\"\n";
			showEnvVarsInLog = 0;
		};
		711662CC84377BAFE40D6B4B /* [CP] Embed Pods Frameworks */ = {
			isa = PBXShellScriptBuildPhase;
			buildActionMask = 2147483647;
			files = (
			);
			inputPaths = (
				"${SRCROOT}/Pods/Target Support Files/Pods-GuardianApp-GuardianAppTests/Pods-GuardianApp-GuardianAppTests-frameworks.sh",
				"${BUILT_PRODUCTS_DIR}/Alamofire/Alamofire.framework",
				"${BUILT_PRODUCTS_DIR}/GTMSessionFetcher/GTMSessionFetcher.framework",
				"${BUILT_PRODUCTS_DIR}/GoogleToolboxForMac/GoogleToolboxForMac.framework",
				"${BUILT_PRODUCTS_DIR}/IHKeyboardAvoiding/IHKeyboardAvoiding.framework",
				"${BUILT_PRODUCTS_DIR}/M13ProgressSuite/M13ProgressSuite.framework",
				"${BUILT_PRODUCTS_DIR}/MBProgressHUD/MBProgressHUD.framework",
				"${BUILT_PRODUCTS_DIR}/Moya/Moya.framework",
				"${BUILT_PRODUCTS_DIR}/Moya-SwiftyJSONMapper/Moya_SwiftyJSONMapper.framework",
				"${BUILT_PRODUCTS_DIR}/Protobuf/Protobuf.framework",
				"${BUILT_PRODUCTS_DIR}/Result/Result.framework",
				"${BUILT_PRODUCTS_DIR}/RxCocoa/RxCocoa.framework",
				"${BUILT_PRODUCTS_DIR}/RxSwift/RxSwift.framework",
				"${BUILT_PRODUCTS_DIR}/SwiftyJSON/SwiftyJSON.framework",
				"${BUILT_PRODUCTS_DIR}/leveldb-library/leveldb.framework",
				"${BUILT_PRODUCTS_DIR}/nanopb/nanopb.framework",
			);
			name = "[CP] Embed Pods Frameworks";
			outputPaths = (
				"${TARGET_BUILD_DIR}/${FRAMEWORKS_FOLDER_PATH}/Alamofire.framework",
				"${TARGET_BUILD_DIR}/${FRAMEWORKS_FOLDER_PATH}/GTMSessionFetcher.framework",
				"${TARGET_BUILD_DIR}/${FRAMEWORKS_FOLDER_PATH}/GoogleToolboxForMac.framework",
				"${TARGET_BUILD_DIR}/${FRAMEWORKS_FOLDER_PATH}/IHKeyboardAvoiding.framework",
				"${TARGET_BUILD_DIR}/${FRAMEWORKS_FOLDER_PATH}/M13ProgressSuite.framework",
				"${TARGET_BUILD_DIR}/${FRAMEWORKS_FOLDER_PATH}/MBProgressHUD.framework",
				"${TARGET_BUILD_DIR}/${FRAMEWORKS_FOLDER_PATH}/Moya.framework",
				"${TARGET_BUILD_DIR}/${FRAMEWORKS_FOLDER_PATH}/Moya_SwiftyJSONMapper.framework",
				"${TARGET_BUILD_DIR}/${FRAMEWORKS_FOLDER_PATH}/Protobuf.framework",
				"${TARGET_BUILD_DIR}/${FRAMEWORKS_FOLDER_PATH}/Result.framework",
				"${TARGET_BUILD_DIR}/${FRAMEWORKS_FOLDER_PATH}/RxCocoa.framework",
				"${TARGET_BUILD_DIR}/${FRAMEWORKS_FOLDER_PATH}/RxSwift.framework",
				"${TARGET_BUILD_DIR}/${FRAMEWORKS_FOLDER_PATH}/SwiftyJSON.framework",
				"${TARGET_BUILD_DIR}/${FRAMEWORKS_FOLDER_PATH}/leveldb.framework",
				"${TARGET_BUILD_DIR}/${FRAMEWORKS_FOLDER_PATH}/nanopb.framework",
			);
			runOnlyForDeploymentPostprocessing = 0;
			shellPath = /bin/sh;
			shellScript = "\"${SRCROOT}/Pods/Target Support Files/Pods-GuardianApp-GuardianAppTests/Pods-GuardianApp-GuardianAppTests-frameworks.sh\"\n";
			showEnvVarsInLog = 0;
		};
		98C2F2DAD6E18BDB63C9428B /* [CP] Check Pods Manifest.lock */ = {
			isa = PBXShellScriptBuildPhase;
			buildActionMask = 2147483647;
			files = (
			);
			inputPaths = (
				"${PODS_PODFILE_DIR_PATH}/Podfile.lock",
				"${PODS_ROOT}/Manifest.lock",
			);
			name = "[CP] Check Pods Manifest.lock";
			outputPaths = (
				"$(DERIVED_FILE_DIR)/Pods-GuardianApp-checkManifestLockResult.txt",
			);
			runOnlyForDeploymentPostprocessing = 0;
			shellPath = /bin/sh;
			shellScript = "diff \"${PODS_PODFILE_DIR_PATH}/Podfile.lock\" \"${PODS_ROOT}/Manifest.lock\" > /dev/null\nif [ $? != 0 ] ; then\n    # print error to STDERR\n    echo \"error: The sandbox is not in sync with the Podfile.lock. Run 'pod install' or update your CocoaPods installation.\" >&2\n    exit 1\nfi\n# This output is used by Xcode 'outputs' to avoid re-running this script phase.\necho \"SUCCESS\" > \"${SCRIPT_OUTPUT_FILE_0}\"\n";
			showEnvVarsInLog = 0;
		};
		DE8CB59BAEA6879AB21C212F /* [CP] Embed Pods Frameworks */ = {
			isa = PBXShellScriptBuildPhase;
			buildActionMask = 2147483647;
			files = (
			);
			inputPaths = (
				"${SRCROOT}/Pods/Target Support Files/Pods-GuardianApp/Pods-GuardianApp-frameworks.sh",
				"${BUILT_PRODUCTS_DIR}/Alamofire/Alamofire.framework",
				"${BUILT_PRODUCTS_DIR}/GTMSessionFetcher/GTMSessionFetcher.framework",
				"${BUILT_PRODUCTS_DIR}/GoogleToolboxForMac/GoogleToolboxForMac.framework",
				"${BUILT_PRODUCTS_DIR}/IHKeyboardAvoiding/IHKeyboardAvoiding.framework",
				"${BUILT_PRODUCTS_DIR}/M13ProgressSuite/M13ProgressSuite.framework",
				"${BUILT_PRODUCTS_DIR}/MBProgressHUD/MBProgressHUD.framework",
				"${BUILT_PRODUCTS_DIR}/Moya/Moya.framework",
				"${BUILT_PRODUCTS_DIR}/Moya-SwiftyJSONMapper/Moya_SwiftyJSONMapper.framework",
				"${BUILT_PRODUCTS_DIR}/Protobuf/Protobuf.framework",
				"${BUILT_PRODUCTS_DIR}/Result/Result.framework",
				"${BUILT_PRODUCTS_DIR}/RxCocoa/RxCocoa.framework",
				"${BUILT_PRODUCTS_DIR}/RxSwift/RxSwift.framework",
				"${BUILT_PRODUCTS_DIR}/SwiftyJSON/SwiftyJSON.framework",
				"${BUILT_PRODUCTS_DIR}/leveldb-library/leveldb.framework",
				"${BUILT_PRODUCTS_DIR}/nanopb/nanopb.framework",
			);
			name = "[CP] Embed Pods Frameworks";
			outputPaths = (
				"${TARGET_BUILD_DIR}/${FRAMEWORKS_FOLDER_PATH}/Alamofire.framework",
				"${TARGET_BUILD_DIR}/${FRAMEWORKS_FOLDER_PATH}/GTMSessionFetcher.framework",
				"${TARGET_BUILD_DIR}/${FRAMEWORKS_FOLDER_PATH}/GoogleToolboxForMac.framework",
				"${TARGET_BUILD_DIR}/${FRAMEWORKS_FOLDER_PATH}/IHKeyboardAvoiding.framework",
				"${TARGET_BUILD_DIR}/${FRAMEWORKS_FOLDER_PATH}/M13ProgressSuite.framework",
				"${TARGET_BUILD_DIR}/${FRAMEWORKS_FOLDER_PATH}/MBProgressHUD.framework",
				"${TARGET_BUILD_DIR}/${FRAMEWORKS_FOLDER_PATH}/Moya.framework",
				"${TARGET_BUILD_DIR}/${FRAMEWORKS_FOLDER_PATH}/Moya_SwiftyJSONMapper.framework",
				"${TARGET_BUILD_DIR}/${FRAMEWORKS_FOLDER_PATH}/Protobuf.framework",
				"${TARGET_BUILD_DIR}/${FRAMEWORKS_FOLDER_PATH}/Result.framework",
				"${TARGET_BUILD_DIR}/${FRAMEWORKS_FOLDER_PATH}/RxCocoa.framework",
				"${TARGET_BUILD_DIR}/${FRAMEWORKS_FOLDER_PATH}/RxSwift.framework",
				"${TARGET_BUILD_DIR}/${FRAMEWORKS_FOLDER_PATH}/SwiftyJSON.framework",
				"${TARGET_BUILD_DIR}/${FRAMEWORKS_FOLDER_PATH}/leveldb.framework",
				"${TARGET_BUILD_DIR}/${FRAMEWORKS_FOLDER_PATH}/nanopb.framework",
			);
			runOnlyForDeploymentPostprocessing = 0;
			shellPath = /bin/sh;
			shellScript = "\"${SRCROOT}/Pods/Target Support Files/Pods-GuardianApp/Pods-GuardianApp-frameworks.sh\"\n";
			showEnvVarsInLog = 0;
		};
/* End PBXShellScriptBuildPhase section */

/* Begin PBXSourcesBuildPhase section */
		F71B74621FC7562800BE0567 /* Sources */ = {
			isa = PBXSourcesBuildPhase;
			buildActionMask = 2147483647;
			files = (
				F71B747D1FC7790000BE0567 /* GuardianMainButton.swift in Sources */,
				F71B746C1FC7562800BE0567 /* ViewController.swift in Sources */,
				F71B74851FC8CC1900BE0567 /* GuardianCollectionViewCell.swift in Sources */,
				F771E409200EAC280034D763 /* Notifications.swift in Sources */,
				F771E4051FFFEF9A0034D763 /* StreamManager.swift in Sources */,
				F71B74941FCCA68700BE0567 /* SectionViewProtocol.swift in Sources */,
				F71B74801FC77C3000BE0567 /* BackgroundView.swift in Sources */,
				F71B74921FCC9F7400BE0567 /* Helper.swift in Sources */,
				F771E3E41FF59F410034D763 /* Extensions.swift in Sources */,
				F771E3E81FF7076D0034D763 /* MovementDetectionView.swift in Sources */,
				F71B748C1FC9E34200BE0567 /* WarningSectionView.swift in Sources */,
				F771E4011FFEAAEA0034D763 /* FirebaseManager.swift in Sources */,
				F771E3ED1FF7E6840034D763 /* GuardService.swift in Sources */,
				F771E3EA1FF788710034D763 /* MovementDetectionCollectionViewCell.swift in Sources */,
				F771E3F21FF7ECB20034D763 /* GuardManager.swift in Sources */,
				F771E3FA1FF8F5890034D763 /* SensorSectionView.swift in Sources */,
				F71B74901FCC9EF200BE0567 /* StatusSectionView.swift in Sources */,
				F771E4031FFF9E670034D763 /* SensorModel.swift in Sources */,
				F771E3F01FF7EB770034D763 /* CameraResponseModel.swift in Sources */,
				F771E407200BADD10034D763 /* RaspberriesModel.swift in Sources */,
				F771E3F61FF8F19C0034D763 /* LiveStreamSectionView.swift in Sources */,
				F71B746A1FC7562800BE0567 /* AppDelegate.swift in Sources */,
				F71B74981FCCB26500BE0567 /* LoginViewController.swift in Sources */,
			);
			runOnlyForDeploymentPostprocessing = 0;
		};
		F771E40A20121B360034D763 /* Sources */ = {
			isa = PBXSourcesBuildPhase;
			buildActionMask = 2147483647;
			files = (
				F771E41120121B370034D763 /* GuardianAppTests.swift in Sources */,
			);
			runOnlyForDeploymentPostprocessing = 0;
		};
/* End PBXSourcesBuildPhase section */

/* Begin PBXTargetDependency section */
		F771E41420121B370034D763 /* PBXTargetDependency */ = {
			isa = PBXTargetDependency;
			target = F71B74651FC7562800BE0567 /* GuardianApp */;
			targetProxy = F771E41320121B370034D763 /* PBXContainerItemProxy */;
		};
/* End PBXTargetDependency section */

/* Begin PBXVariantGroup section */
		F71B746D1FC7562800BE0567 /* Main.storyboard */ = {
			isa = PBXVariantGroup;
			children = (
				F71B746E1FC7562800BE0567 /* Base */,
			);
			name = Main.storyboard;
			sourceTree = "<group>";
		};
		F71B74721FC7562800BE0567 /* LaunchScreen.storyboard */ = {
			isa = PBXVariantGroup;
			children = (
				F71B74731FC7562800BE0567 /* Base */,
			);
			name = LaunchScreen.storyboard;
			sourceTree = "<group>";
		};
/* End PBXVariantGroup section */

/* Begin XCBuildConfiguration section */
		F71B74761FC7562800BE0567 /* Debug */ = {
			isa = XCBuildConfiguration;
			buildSettings = {
				ALWAYS_SEARCH_USER_PATHS = NO;
				CLANG_ANALYZER_NONNULL = YES;
				CLANG_ANALYZER_NUMBER_OBJECT_CONVERSION = YES_AGGRESSIVE;
				CLANG_CXX_LANGUAGE_STANDARD = "gnu++14";
				CLANG_CXX_LIBRARY = "libc++";
				CLANG_ENABLE_MODULES = YES;
				CLANG_ENABLE_OBJC_ARC = YES;
				CLANG_WARN_BLOCK_CAPTURE_AUTORELEASING = YES;
				CLANG_WARN_BOOL_CONVERSION = YES;
				CLANG_WARN_COMMA = YES;
				CLANG_WARN_CONSTANT_CONVERSION = YES;
				CLANG_WARN_DIRECT_OBJC_ISA_USAGE = YES_ERROR;
				CLANG_WARN_DOCUMENTATION_COMMENTS = YES;
				CLANG_WARN_EMPTY_BODY = YES;
				CLANG_WARN_ENUM_CONVERSION = YES;
				CLANG_WARN_INFINITE_RECURSION = YES;
				CLANG_WARN_INT_CONVERSION = YES;
				CLANG_WARN_NON_LITERAL_NULL_CONVERSION = YES;
				CLANG_WARN_OBJC_LITERAL_CONVERSION = YES;
				CLANG_WARN_OBJC_ROOT_CLASS = YES_ERROR;
				CLANG_WARN_RANGE_LOOP_ANALYSIS = YES;
				CLANG_WARN_STRICT_PROTOTYPES = YES;
				CLANG_WARN_SUSPICIOUS_MOVE = YES;
				CLANG_WARN_UNGUARDED_AVAILABILITY = YES_AGGRESSIVE;
				CLANG_WARN_UNREACHABLE_CODE = YES;
				CLANG_WARN__DUPLICATE_METHOD_MATCH = YES;
				CODE_SIGN_IDENTITY = "iPhone Developer";
				COPY_PHASE_STRIP = NO;
				DEBUG_INFORMATION_FORMAT = dwarf;
				ENABLE_STRICT_OBJC_MSGSEND = YES;
				ENABLE_TESTABILITY = YES;
				GCC_C_LANGUAGE_STANDARD = gnu11;
				GCC_DYNAMIC_NO_PIC = NO;
				GCC_NO_COMMON_BLOCKS = YES;
				GCC_OPTIMIZATION_LEVEL = 0;
				GCC_PREPROCESSOR_DEFINITIONS = (
					"DEBUG=1",
					"$(inherited)",
				);
				GCC_WARN_64_TO_32_BIT_CONVERSION = YES;
				GCC_WARN_ABOUT_RETURN_TYPE = YES_ERROR;
				GCC_WARN_UNDECLARED_SELECTOR = YES;
				GCC_WARN_UNINITIALIZED_AUTOS = YES_AGGRESSIVE;
				GCC_WARN_UNUSED_FUNCTION = YES;
				GCC_WARN_UNUSED_VARIABLE = YES;
				IPHONEOS_DEPLOYMENT_TARGET = 11.0;
				MTL_ENABLE_DEBUG_INFO = YES;
				ONLY_ACTIVE_ARCH = YES;
				SDKROOT = iphoneos;
				SWIFT_ACTIVE_COMPILATION_CONDITIONS = DEBUG;
				SWIFT_OPTIMIZATION_LEVEL = "-Onone";
			};
			name = Debug;
		};
		F71B74771FC7562800BE0567 /* Release */ = {
			isa = XCBuildConfiguration;
			buildSettings = {
				ALWAYS_SEARCH_USER_PATHS = NO;
				CLANG_ANALYZER_NONNULL = YES;
				CLANG_ANALYZER_NUMBER_OBJECT_CONVERSION = YES_AGGRESSIVE;
				CLANG_CXX_LANGUAGE_STANDARD = "gnu++14";
				CLANG_CXX_LIBRARY = "libc++";
				CLANG_ENABLE_MODULES = YES;
				CLANG_ENABLE_OBJC_ARC = YES;
				CLANG_WARN_BLOCK_CAPTURE_AUTORELEASING = YES;
				CLANG_WARN_BOOL_CONVERSION = YES;
				CLANG_WARN_COMMA = YES;
				CLANG_WARN_CONSTANT_CONVERSION = YES;
				CLANG_WARN_DIRECT_OBJC_ISA_USAGE = YES_ERROR;
				CLANG_WARN_DOCUMENTATION_COMMENTS = YES;
				CLANG_WARN_EMPTY_BODY = YES;
				CLANG_WARN_ENUM_CONVERSION = YES;
				CLANG_WARN_INFINITE_RECURSION = YES;
				CLANG_WARN_INT_CONVERSION = YES;
				CLANG_WARN_NON_LITERAL_NULL_CONVERSION = YES;
				CLANG_WARN_OBJC_LITERAL_CONVERSION = YES;
				CLANG_WARN_OBJC_ROOT_CLASS = YES_ERROR;
				CLANG_WARN_RANGE_LOOP_ANALYSIS = YES;
				CLANG_WARN_STRICT_PROTOTYPES = YES;
				CLANG_WARN_SUSPICIOUS_MOVE = YES;
				CLANG_WARN_UNGUARDED_AVAILABILITY = YES_AGGRESSIVE;
				CLANG_WARN_UNREACHABLE_CODE = YES;
				CLANG_WARN__DUPLICATE_METHOD_MATCH = YES;
				CODE_SIGN_IDENTITY = "iPhone Developer";
				COPY_PHASE_STRIP = NO;
				DEBUG_INFORMATION_FORMAT = "dwarf-with-dsym";
				ENABLE_NS_ASSERTIONS = NO;
				ENABLE_STRICT_OBJC_MSGSEND = YES;
				GCC_C_LANGUAGE_STANDARD = gnu11;
				GCC_NO_COMMON_BLOCKS = YES;
				GCC_WARN_64_TO_32_BIT_CONVERSION = YES;
				GCC_WARN_ABOUT_RETURN_TYPE = YES_ERROR;
				GCC_WARN_UNDECLARED_SELECTOR = YES;
				GCC_WARN_UNINITIALIZED_AUTOS = YES_AGGRESSIVE;
				GCC_WARN_UNUSED_FUNCTION = YES;
				GCC_WARN_UNUSED_VARIABLE = YES;
				IPHONEOS_DEPLOYMENT_TARGET = 11.0;
				MTL_ENABLE_DEBUG_INFO = NO;
				SDKROOT = iphoneos;
				SWIFT_OPTIMIZATION_LEVEL = "-Owholemodule";
				VALIDATE_PRODUCT = YES;
			};
			name = Release;
		};
		F71B74791FC7562800BE0567 /* Debug */ = {
			isa = XCBuildConfiguration;
			baseConfigurationReference = 25D9CBD88B2916521C8853F3 /* Pods-GuardianApp.debug.xcconfig */;
			buildSettings = {
				ASSETCATALOG_COMPILER_APPICON_NAME = AppIcon;
				CODE_SIGN_ENTITLEMENTS = GuardianApp/GuardianApp.entitlements;
				CODE_SIGN_STYLE = Automatic;
				DEVELOPMENT_TEAM = 276JFTHA68;
				INFOPLIST_FILE = GuardianApp/Info.plist;
				IPHONEOS_DEPLOYMENT_TARGET = 10.0;
				LD_RUNPATH_SEARCH_PATHS = "$(inherited) @executable_path/Frameworks";
				PRODUCT_BUNDLE_IDENTIFIER = com.pawelszudrowicz.guardapp;
				PRODUCT_NAME = "$(TARGET_NAME)";
				SWIFT_VERSION = 4.0;
				TARGETED_DEVICE_FAMILY = "1,2";
			};
			name = Debug;
		};
		F71B747A1FC7562800BE0567 /* Release */ = {
			isa = XCBuildConfiguration;
			baseConfigurationReference = 3043F72FAC596ED918B8AE9F /* Pods-GuardianApp.release.xcconfig */;
			buildSettings = {
				ASSETCATALOG_COMPILER_APPICON_NAME = AppIcon;
				CODE_SIGN_ENTITLEMENTS = GuardianApp/GuardianApp.entitlements;
				CODE_SIGN_STYLE = Automatic;
				DEVELOPMENT_TEAM = 276JFTHA68;
				INFOPLIST_FILE = GuardianApp/Info.plist;
				IPHONEOS_DEPLOYMENT_TARGET = 10.0;
				LD_RUNPATH_SEARCH_PATHS = "$(inherited) @executable_path/Frameworks";
				PRODUCT_BUNDLE_IDENTIFIER = com.pawelszudrowicz.guardapp;
				PRODUCT_NAME = "$(TARGET_NAME)";
				SWIFT_VERSION = 4.0;
				TARGETED_DEVICE_FAMILY = "1,2";
			};
			name = Release;
		};
		F771E41520121B370034D763 /* Debug */ = {
			isa = XCBuildConfiguration;
			baseConfigurationReference = F6E244A23ED7B0CE6CD325E0 /* Pods-GuardianApp-GuardianAppTests.debug.xcconfig */;
			buildSettings = {
				BUNDLE_LOADER = "$(TEST_HOST)";
				CODE_SIGN_STYLE = Automatic;
				DEVELOPMENT_TEAM = 276JFTHA68;
				INFOPLIST_FILE = GuardianAppTests/Info.plist;
				IPHONEOS_DEPLOYMENT_TARGET = 11.2;
				LD_RUNPATH_SEARCH_PATHS = "$(inherited) @executable_path/Frameworks @loader_path/Frameworks";
				PRODUCT_BUNDLE_IDENTIFIER = com.pawelszudrowicz.guardapp.GuardianAppTests;
				PRODUCT_NAME = "$(TARGET_NAME)";
				SWIFT_VERSION = 4.0;
				TARGETED_DEVICE_FAMILY = "1,2";
				TEST_HOST = "$(BUILT_PRODUCTS_DIR)/GuardianApp.app/GuardianApp";
			};
			name = Debug;
		};
		F771E41620121B370034D763 /* Release */ = {
			isa = XCBuildConfiguration;
			baseConfigurationReference = 619E5ECF9C3BCFE123B8CCBC /* Pods-GuardianApp-GuardianAppTests.release.xcconfig */;
			buildSettings = {
				BUNDLE_LOADER = "$(TEST_HOST)";
				CODE_SIGN_STYLE = Automatic;
				DEVELOPMENT_TEAM = 276JFTHA68;
				INFOPLIST_FILE = GuardianAppTests/Info.plist;
				IPHONEOS_DEPLOYMENT_TARGET = 11.2;
				LD_RUNPATH_SEARCH_PATHS = "$(inherited) @executable_path/Frameworks @loader_path/Frameworks";
				PRODUCT_BUNDLE_IDENTIFIER = com.pawelszudrowicz.guardapp.GuardianAppTests;
				PRODUCT_NAME = "$(TARGET_NAME)";
				SWIFT_VERSION = 4.0;
				TARGETED_DEVICE_FAMILY = "1,2";
				TEST_HOST = "$(BUILT_PRODUCTS_DIR)/GuardianApp.app/GuardianApp";
			};
			name = Release;
		};
/* End XCBuildConfiguration section */

/* Begin XCConfigurationList section */
		F71B74611FC7562800BE0567 /* Build configuration list for PBXProject "GuardianApp" */ = {
			isa = XCConfigurationList;
			buildConfigurations = (
				F71B74761FC7562800BE0567 /* Debug */,
				F71B74771FC7562800BE0567 /* Release */,
			);
			defaultConfigurationIsVisible = 0;
			defaultConfigurationName = Release;
		};
		F71B74781FC7562800BE0567 /* Build configuration list for PBXNativeTarget "GuardianApp" */ = {
			isa = XCConfigurationList;
			buildConfigurations = (
				F71B74791FC7562800BE0567 /* Debug */,
				F71B747A1FC7562800BE0567 /* Release */,
			);
			defaultConfigurationIsVisible = 0;
			defaultConfigurationName = Release;
		};
		F771E41720121B370034D763 /* Build configuration list for PBXNativeTarget "GuardianAppTests" */ = {
			isa = XCConfigurationList;
			buildConfigurations = (
				F771E41520121B370034D763 /* Debug */,
				F771E41620121B370034D763 /* Release */,
			);
			defaultConfigurationIsVisible = 0;
			defaultConfigurationName = Release;
		};
/* End XCConfigurationList section */
	};
	rootObject = F71B745E1FC7562800BE0567 /* Project object */;
}
